
Microsoft Visual Studio Solution File, Format Version 12.00
# Visual Studio Version 16
VisualStudioVersion = 16.0.31410.357
MinimumVisualStudioVersion = 10.0.40219.1
Project("{FAE04EC0-301F-11D3-BF4B-00C04F79EFBC}") = "Calculator Application", "Calculator Application\Calculator Application.csproj", "{01246BC2-0C1E-4866-97F2-6AEC7BA662C7}"
EndProject
Global
	GlobalSection(SolutionConfigurationPlatforms) = preSolution
		Debug|Any CPU = Debug|Any CPU
		Release|Any CPU = Release|Any CPU
	EndGlobalSection
	GlobalSection(ProjectConfigurationPlatforms) = postSolution
		{01246BC2-0C1E-4866-97F2-6AEC7BA662C7}.Debug|Any CPU.ActiveCfg = Debug|Any CPU
		{01246BC2-0C1E-4866-97F2-6AEC7BA662C7}.Debug|Any CPU.Build.0 = Debug|Any CPU
		{01246BC2-0C1E-4866-97F2-6AEC7BA662C7}.Release|Any CPU.ActiveCfg = Release|Any CPU
		{01246BC2-0C1E-4866-97F2-6AEC7BA662C7}.Release|Any CPU.Build.0 = Release|Any CPU
	EndGlobalSection
	GlobalSection(SolutionProperties) = preSolution
		HideSolutionNode = FALSE
	EndGlobalSection
	GlobalSection(ExtensibilityGlobals) = postSolution
		SolutionGuid = {A79362E0-D310-4D46-A144-535D9FB3990E}
	EndGlobalSection
EndGlobal
